gitlab.com/n00bady/myaochelper v0.0.0-20231119230720-19cf5d2764d8 h1:Tl0t7cho6jUSED0ovDx+d2CClzaSci5q9PYEjn44C0E=
gitlab.com/n00bady/myaochelper v0.0.0-20231119230720-19cf5d2764d8/go.mod h1:Owr7nVN7yoL4ieZyJDBtLjYo4JyDgb5saETvyfRTQ6M=
gitlab.com/n00bady/myaochelper v0.0.0-20231119232220-4e650cc447a7 h1:+H0qeJjMdxwFlk80AUGXrZE5AkERiWJHULCZ0grN/VM=
gitlab.com/n00bady/myaochelper v0.0.0-20231119232220-4e650cc447a7/go.mod h1:Owr7nVN7yoL4ieZyJDBtLjYo4JyDgb5saETvyfRTQ6M=
